
Microsoft Visual Studio Solution File, Format Version 12.00
# Visual Studio 15
Project("{FAE04EC0-301F-11D3-BF4B-00C04F79EFBC}") = "MusicCalculator.Android", "MusicCalculator.Android\MusicCalculator.Android.csproj", "{B668B120-95CA-4DAB-B45E-D879AE2EACA0}"
EndProject
Project("{FAE04EC0-301F-11D3-BF4B-00C04F79EFBC}") = "MusicCalculator.iOS", "MusicCalculator.iOS\MusicCalculator.iOS.csproj", "{6B201E3A-185B-4FE1-AA40-CCC290389EB9}"
EndProject
Project("{FAE04EC0-301F-11D3-BF4B-00C04F79EFBC}") = "MusicCalculator", "MusicCalculator\MusicCalculator.csproj", "{8FA8317B-0F04-4AF6-BD85-3B55457B85C0}"
EndProject
Global
	GlobalSection(SolutionConfigurationPlatforms) = preSolution
		Debug|Any CPU = Debug|Any CPU
		Release|Any CPU = Release|Any CPU
		Debug|iPhoneSimulator = Debug|iPhoneSimulator
		Release|iPhoneSimulator = Release|iPhoneSimulator
		Debug|iPhone = Debug|iPhone
		Release|iPhone = Release|iPhone
	EndGlobalSection
	GlobalSection(ProjectConfigurationPlatforms) = postSolution
		{B668B120-95CA-4DAB-B45E-D879AE2EACA0}.Debug|Any CPU.ActiveCfg = Debug|Any CPU
		{B668B120-95CA-4DAB-B45E-D879AE2EACA0}.Debug|Any CPU.Build.0 = Debug|Any CPU
		{B668B120-95CA-4DAB-B45E-D879AE2EACA0}.Release|Any CPU.ActiveCfg = Release|Any CPU
		{B668B120-95CA-4DAB-B45E-D879AE2EACA0}.Release|Any CPU.Build.0 = Release|Any CPU
		{B668B120-95CA-4DAB-B45E-D879AE2EACA0}.Debug|iPhoneSimulator.ActiveCfg = Debug|Any CPU
		{B668B120-95CA-4DAB-B45E-D879AE2EACA0}.Debug|iPhoneSimulator.Build.0 = Debug|Any CPU
		{B668B120-95CA-4DAB-B45E-D879AE2EACA0}.Release|iPhoneSimulator.ActiveCfg = Release|Any CPU
		{B668B120-95CA-4DAB-B45E-D879AE2EACA0}.Release|iPhoneSimulator.Build.0 = Release|Any CPU
		{B668B120-95CA-4DAB-B45E-D879AE2EACA0}.Debug|iPhone.ActiveCfg = Debug|Any CPU
		{B668B120-95CA-4DAB-B45E-D879AE2EACA0}.Debug|iPhone.Build.0 = Debug|Any CPU
		{B668B120-95CA-4DAB-B45E-D879AE2EACA0}.Release|iPhone.ActiveCfg = Release|Any CPU
		{B668B120-95CA-4DAB-B45E-D879AE2EACA0}.Release|iPhone.Build.0 = Release|Any CPU
		{6B201E3A-185B-4FE1-AA40-CCC290389EB9}.Debug|Any CPU.ActiveCfg = Debug|iPhoneSimulator
		{6B201E3A-185B-4FE1-AA40-CCC290389EB9}.Debug|Any CPU.Build.0 = Debug|iPhoneSimulator
		{6B201E3A-185B-4FE1-AA40-CCC290389EB9}.Release|Any CPU.ActiveCfg = Release|iPhoneSimulator
		{6B201E3A-185B-4FE1-AA40-CCC290389EB9}.Release|Any CPU.Build.0 = Release|iPhoneSimulator
		{6B201E3A-185B-4FE1-AA40-CCC290389EB9}.Debug|iPhoneSimulator.ActiveCfg = Debug|iPhoneSimulator
		{6B201E3A-185B-4FE1-AA40-CCC290389EB9}.Debug|iPhoneSimulator.Build.0 = Debug|iPhoneSimulator
		{6B201E3A-185B-4FE1-AA40-CCC290389EB9}.Release|iPhoneSimulator.ActiveCfg = Release|iPhoneSimulator
		{6B201E3A-185B-4FE1-AA40-CCC290389EB9}.Release|iPhoneSimulator.Build.0 = Release|iPhoneSimulator
		{6B201E3A-185B-4FE1-AA40-CCC290389EB9}.Debug|iPhone.ActiveCfg = Debug|iPhone
		{6B201E3A-185B-4FE1-AA40-CCC290389EB9}.Debug|iPhone.Build.0 = Debug|iPhone
		{6B201E3A-185B-4FE1-AA40-CCC290389EB9}.Release|iPhone.ActiveCfg = Release|iPhone
		{6B201E3A-185B-4FE1-AA40-CCC290389EB9}.Release|iPhone.Build.0 = Release|iPhone
		{8FA8317B-0F04-4AF6-BD85-3B55457B85C0}.Debug|Any CPU.ActiveCfg = Debug|Any CPU
		{8FA8317B-0F04-4AF6-BD85-3B55457B85C0}.Debug|Any CPU.Build.0 = Debug|Any CPU
		{8FA8317B-0F04-4AF6-BD85-3B55457B85C0}.Release|Any CPU.ActiveCfg = Release|Any CPU
		{8FA8317B-0F04-4AF6-BD85-3B55457B85C0}.Release|Any CPU.Build.0 = Release|Any CPU
		{8FA8317B-0F04-4AF6-BD85-3B55457B85C0}.Debug|iPhoneSimulator.ActiveCfg = Debug|Any CPU
		{8FA8317B-0F04-4AF6-BD85-3B55457B85C0}.Debug|iPhoneSimulator.Build.0 = Debug|Any CPU
		{8FA8317B-0F04-4AF6-BD85-3B55457B85C0}.Release|iPhoneSimulator.ActiveCfg = Release|Any CPU
		{8FA8317B-0F04-4AF6-BD85-3B55457B85C0}.Release|iPhoneSimulator.Build.0 = Release|Any CPU
		{8FA8317B-0F04-4AF6-BD85-3B55457B85C0}.Debug|iPhone.ActiveCfg = Debug|Any CPU
		{8FA8317B-0F04-4AF6-BD85-3B55457B85C0}.Debug|iPhone.Build.0 = Debug|Any CPU
		{8FA8317B-0F04-4AF6-BD85-3B55457B85C0}.Release|iPhone.ActiveCfg = Release|Any CPU
		{8FA8317B-0F04-4AF6-BD85-3B55457B85C0}.Release|iPhone.Build.0 = Release|Any CPU
	EndGlobalSection
EndGlobal
